
Microsoft Visual Studio Solution File, Format Version 12.00
# Visual Studio Version 17
VisualStudioVersion = 17.7.34221.43
MinimumVisualStudioVersion = 10.0.40219.1
Project("{2150E333-8FDC-42A3-9474-1A3956D46DE8}") = "1-Application", "1-Application", "{219F31F8-2CF1-46DC-AE2B-2F9F0FC0F0BF}"
EndProject
Project("{2150E333-8FDC-42A3-9474-1A3956D46DE8}") = "2-Domain", "2-Domain", "{A2410990-2A77-4CAE-B738-EC3CE2B94DC5}"
EndProject
Project("{2150E333-8FDC-42A3-9474-1A3956D46DE8}") = "3-Service", "3-Service", "{C4E853A5-CF76-4E85-A8E0-77C7335BAC1B}"
EndProject
Project("{2150E333-8FDC-42A3-9474-1A3956D46DE8}") = "4-Infra", "4-Infra", "{D1E40D7C-8BFC-465C-B623-0F2035F7906A}"
EndProject
Project("{9A19103F-16F7-4668-BE54-9A1E7A4F7556}") = "JpvTech.Application", "JpvTech.Application\JpvTech.Application.csproj", "{F793938C-3995-4269-BBEA-51354C354AC0}"
EndProject
Project("{9A19103F-16F7-4668-BE54-9A1E7A4F7556}") = "JPVTech.Domain", "JPVTech.Domain\JPVTech.Domain.csproj", "{E977043A-F764-4F6F-AD7F-C3B74BED02E9}"
EndProject
Project("{9A19103F-16F7-4668-BE54-9A1E7A4F7556}") = "JPVTech.Service", "JPVTech.Service\JPVTech.Service.csproj", "{677D21F1-D31D-4493-951C-7B51CE9688CD}"
	ProjectSection(ProjectDependencies) = postProject
		{ABF0C1DF-E213-459E-935F-C4B2AE622211} = {ABF0C1DF-E213-459E-935F-C4B2AE622211}
		{B7F818F9-2253-4B10-934C-6E3DA4711468} = {B7F818F9-2253-4B10-934C-6E3DA4711468}
		{E977043A-F764-4F6F-AD7F-C3B74BED02E9} = {E977043A-F764-4F6F-AD7F-C3B74BED02E9}
	EndProjectSection
EndProject
Project("{2150E333-8FDC-42A3-9474-1A3956D46DE8}") = "4.1-Data", "4.1-Data", "{51B33174-0C02-438A-BAA6-41EE37378A4B}"
EndProject
Project("{2150E333-8FDC-42A3-9474-1A3956D46DE8}") = "4.2-CrossCutting", "4.2-CrossCutting", "{48EF3AA6-CB16-428C-8C3A-BF636FF669CE}"
EndProject
Project("{9A19103F-16F7-4668-BE54-9A1E7A4F7556}") = "JPVTech.Data", "JPVTech.Data\JPVTech.Data.csproj", "{B7F818F9-2253-4B10-934C-6E3DA4711468}"
EndProject
Project("{9A19103F-16F7-4668-BE54-9A1E7A4F7556}") = "JPVTech.CrossCutting", "JPVTech.CrossCutting\JPVTech.CrossCutting.csproj", "{ABF0C1DF-E213-459E-935F-C4B2AE622211}"
EndProject
Project("{2150E333-8FDC-42A3-9474-1A3956D46DE8}") = "5-Commons", "5-Commons", "{8C8B5BC1-0D35-4D7F-BC6E-2B9B9DA1E141}"
EndProject
Project("{FAE04EC0-301F-11D3-BF4B-00C04F79EFBC}") = "JPVTech.Commons", "JPVTech.Commons\JPVTech.Commons.csproj", "{D388ED55-9877-4052-BD5F-6B31E232D23A}"
EndProject
Global
	GlobalSection(SolutionConfigurationPlatforms) = preSolution
		Debug|Any CPU = Debug|Any CPU
		Release|Any CPU = Release|Any CPU
	EndGlobalSection
	GlobalSection(ProjectConfigurationPlatforms) = postSolution
		{F793938C-3995-4269-BBEA-51354C354AC0}.Debug|Any CPU.ActiveCfg = Debug|Any CPU
		{F793938C-3995-4269-BBEA-51354C354AC0}.Debug|Any CPU.Build.0 = Debug|Any CPU
		{F793938C-3995-4269-BBEA-51354C354AC0}.Release|Any CPU.ActiveCfg = Release|Any CPU
		{F793938C-3995-4269-BBEA-51354C354AC0}.Release|Any CPU.Build.0 = Release|Any CPU
		{E977043A-F764-4F6F-AD7F-C3B74BED02E9}.Debug|Any CPU.ActiveCfg = Debug|Any CPU
		{E977043A-F764-4F6F-AD7F-C3B74BED02E9}.Debug|Any CPU.Build.0 = Debug|Any CPU
		{E977043A-F764-4F6F-AD7F-C3B74BED02E9}.Release|Any CPU.ActiveCfg = Release|Any CPU
		{E977043A-F764-4F6F-AD7F-C3B74BED02E9}.Release|Any CPU.Build.0 = Release|Any CPU
		{677D21F1-D31D-4493-951C-7B51CE9688CD}.Debug|Any CPU.ActiveCfg = Debug|Any CPU
		{677D21F1-D31D-4493-951C-7B51CE9688CD}.Debug|Any CPU.Build.0 = Debug|Any CPU
		{677D21F1-D31D-4493-951C-7B51CE9688CD}.Release|Any CPU.ActiveCfg = Release|Any CPU
		{677D21F1-D31D-4493-951C-7B51CE9688CD}.Release|Any CPU.Build.0 = Release|Any CPU
		{B7F818F9-2253-4B10-934C-6E3DA4711468}.Debug|Any CPU.ActiveCfg = Debug|Any CPU
		{B7F818F9-2253-4B10-934C-6E3DA4711468}.Debug|Any CPU.Build.0 = Debug|Any CPU
		{B7F818F9-2253-4B10-934C-6E3DA4711468}.Release|Any CPU.ActiveCfg = Release|Any CPU
		{B7F818F9-2253-4B10-934C-6E3DA4711468}.Release|Any CPU.Build.0 = Release|Any CPU
		{ABF0C1DF-E213-459E-935F-C4B2AE622211}.Debug|Any CPU.ActiveCfg = Debug|Any CPU
		{ABF0C1DF-E213-459E-935F-C4B2AE622211}.Debug|Any CPU.Build.0 = Debug|Any CPU
		{ABF0C1DF-E213-459E-935F-C4B2AE622211}.Release|Any CPU.ActiveCfg = Release|Any CPU
		{ABF0C1DF-E213-459E-935F-C4B2AE622211}.Release|Any CPU.Build.0 = Release|Any CPU
		{D388ED55-9877-4052-BD5F-6B31E232D23A}.Debug|Any CPU.ActiveCfg = Debug|Any CPU
		{D388ED55-9877-4052-BD5F-6B31E232D23A}.Debug|Any CPU.Build.0 = Debug|Any CPU
		{D388ED55-9877-4052-BD5F-6B31E232D23A}.Release|Any CPU.ActiveCfg = Release|Any CPU
		{D388ED55-9877-4052-BD5F-6B31E232D23A}.Release|Any CPU.Build.0 = Release|Any CPU
	EndGlobalSection
	GlobalSection(SolutionProperties) = preSolution
		HideSolutionNode = FALSE
	EndGlobalSection
	GlobalSection(NestedProjects) = preSolution
		{F793938C-3995-4269-BBEA-51354C354AC0} = {219F31F8-2CF1-46DC-AE2B-2F9F0FC0F0BF}
		{E977043A-F764-4F6F-AD7F-C3B74BED02E9} = {A2410990-2A77-4CAE-B738-EC3CE2B94DC5}
		{677D21F1-D31D-4493-951C-7B51CE9688CD} = {C4E853A5-CF76-4E85-A8E0-77C7335BAC1B}
		{51B33174-0C02-438A-BAA6-41EE37378A4B} = {D1E40D7C-8BFC-465C-B623-0F2035F7906A}
		{48EF3AA6-CB16-428C-8C3A-BF636FF669CE} = {D1E40D7C-8BFC-465C-B623-0F2035F7906A}
		{B7F818F9-2253-4B10-934C-6E3DA4711468} = {51B33174-0C02-438A-BAA6-41EE37378A4B}
		{ABF0C1DF-E213-459E-935F-C4B2AE622211} = {48EF3AA6-CB16-428C-8C3A-BF636FF669CE}
		{D388ED55-9877-4052-BD5F-6B31E232D23A} = {8C8B5BC1-0D35-4D7F-BC6E-2B9B9DA1E141}
	EndGlobalSection
	GlobalSection(ExtensibilityGlobals) = postSolution
		SolutionGuid = {031CA462-DED8-406C-9B0F-F3D440421D39}
	EndGlobalSection
EndGlobal
